# This file is generated by running "yarn install" inside your project.
# Manual changes might be lost - proceed with caution!

__metadata:
  version: 5
  cacheKey: 8

"@next/env@npm:12.0.10":
  version: 12.0.10
  resolution: "@next/env@npm:12.0.10"
  checksum: 22e9200919a58eeb9ab03e18504ef689120075cb0301189b1f76d96d98cb73de448a54f96d2b388b1f3b6c08bf55021144f0c2bffd0b69720d6b23e1fd2cf27a
  languageName: node
  linkType: hard

"@next/swc-android-arm64@npm:12.0.10":
  version: 12.0.10
  resolution: "@next/swc-android-arm64@npm:12.0.10"
  conditions: os=android & cpu=arm64
  languageName: node
  linkType: hard

"@next/swc-darwin-arm64@npm:12.0.10":
  version: 12.0.10
  resolution: "@next/swc-darwin-arm64@npm:12.0.10"
  conditions: os=darwin & cpu=arm64
  languageName: node
  linkType: hard

"@next/swc-darwin-x64@npm:12.0.10":
  version: 12.0.10
  resolution: "@next/swc-darwin-x64@npm:12.0.10"
  conditions: os=darwin & cpu=x64
  languageName: node
  linkType: hard

"@next/swc-linux-arm-gnueabihf@npm:12.0.10":
  version: 12.0.10
  resolution: "@next/swc-linux-arm-gnueabihf@npm:12.0.10"
  conditions: os=linux & cpu=arm
  languageName: node
  linkType: hard

"@next/swc-linux-arm64-gnu@npm:12.0.10":
  version: 12.0.10
  resolution: "@next/swc-linux-arm64-gnu@npm:12.0.10"
  conditions: os=linux & cpu=arm64
  languageName: node
  linkType: hard

"@next/swc-linux-arm64-musl@npm:12.0.10":
  version: 12.0.10
  resolution: "@next/swc-linux-arm64-musl@npm:12.0.10"
  conditions: os=linux & cpu=arm64
  languageName: node
  linkType: hard

"@next/swc-linux-x64-gnu@npm:12.0.10":
  version: 12.0.10
  resolution: "@next/swc-linux-x64-gnu@npm:12.0.10"
  conditions: os=linux & cpu=x64
  languageName: node
  linkType: hard

"@next/swc-linux-x64-musl@npm:12.0.10":
  version: 12.0.10
  resolution: "@next/swc-linux-x64-musl@npm:12.0.10"
  conditions: os=linux & cpu=x64
  languageName: node
  linkType: hard

"@next/swc-win32-arm64-msvc@npm:12.0.10":
  version: 12.0.10
  resolution: "@next/swc-win32-arm64-msvc@npm:12.0.10"
  conditions: os=win32 & cpu=arm64
  languageName: node
  linkType: hard

"@next/swc-win32-ia32-msvc@npm:12.0.10":
  version: 12.0.10
  resolution: "@next/swc-win32-ia32-msvc@npm:12.0.10"
  conditions: os=win32 & cpu=ia32
  languageName: node
  linkType: hard

"@next/swc-win32-x64-msvc@npm:12.0.10":
  version: 12.0.10
  resolution: "@next/swc-win32-x64-msvc@npm:12.0.10"
  conditions: os=win32 & cpu=x64
  languageName: node
  linkType: hard

"caniuse-lite@npm:^1.0.30001283":
  version: 1.0.30001307
  resolution: "caniuse-lite@npm:1.0.30001307"
  checksum: e592d537277e5d453670207ac672ea3df5207c686cbea708427500f4d51d08d295d734e0db852e4aae749e7c6119d01aea21b5666922ab0eaf7a648df6fcc327
  languageName: node
  linkType: hard

"dom7@npm:^3.0.0":
  version: 3.0.0
  resolution: "dom7@npm:3.0.0"
  dependencies:
    ssr-window: ^3.0.0-alpha.1
  checksum: 5a1b8979ed35afb9cc6714ff048ce4599a24fd8a11069bb52a61ccae1bdc0716c2bd6b07c4338856d5664d984c0bee9f6b7616a01ffa09daaebfe02fee016e66
  languageName: node
  linkType: hard

"framework7-icons@npm:^5.0.5":
  version: 5.0.5
  resolution: "framework7-icons@npm:5.0.5"
  checksum: 8aa7308d6c1fbbc7b6a3251bbdbd1c538abc8692d76ce6f8b699d152855a3b737cd8a4b6004e02298f8dd39b28eb0164bc377a4489559b5999e81700c2bbc15a
  languageName: node
  linkType: hard

"framework7-nextjs-starter@workspace:.":
  version: 0.0.0-use.local
  resolution: "framework7-nextjs-starter@workspace:."
  dependencies:
    framework7: ^6.3.15
    framework7-icons: ^5.0.5
    framework7-react: ^6.3.15
    material-icons: ^1.10.6
    next: 12.0.10
    react: 17.0.2
    react-dom: 17.0.2
    skeleton-elements: ^3.5.0
    swiper: ^6.8.4
  languageName: unknown
  linkType: soft

"framework7-react@npm:^6.3.15":
  version: 6.3.15
  resolution: "framework7-react@npm:6.3.15"
  checksum: 9ab09b70566a118b3f0524be8c24d57e0ea107d38de3a15d405ed166a6a495e3f94143fee92ed1bfadc2a0a9dae5098baa8e14aec8281d918aa77b3cf1ea3708
  languageName: node
  linkType: hard

"framework7@npm:^6.3.15":
  version: 6.3.15
  resolution: "framework7@npm:6.3.15"
  dependencies:
    dom7: ^3.0.0
    htm: ^3.1.0
    path-to-regexp: ^6.2.0
    skeleton-elements: ^3.5.0
    ssr-window: ^3.0.0
    swiper: ^6.8.4
  checksum: 3c9b2e72759508dd6de172a8872e2a89b4e8a5e98ec2608183ce7bc1dee07abf064927a6b380aa76d145628e26ad8d22c4401ebb0cf0311897ea660cdeff523f
  languageName: node
  linkType: hard

"htm@npm:^3.1.0":
  version: 3.1.0
  resolution: "htm@npm:3.1.0"
  checksum: d6d00146bcc1d2cc45ae6e82f5a54e8b5d1142fe67d3b7363503926c426f608e359ae7bc67242efa0e6afda278ae3865a303d82200a4399cabe53c0a05f82fa8
  languageName: node
  linkType: hard

"js-tokens@npm:^3.0.0 || ^4.0.0":
  version: 4.0.0
  resolution: "js-tokens@npm:4.0.0"
  checksum: 8a95213a5a77deb6cbe94d86340e8d9ace2b93bc367790b260101d2f36a2eaf4e4e22d9fa9cf459b38af3a32fb4190e638024cf82ec95ef708680e405ea7cc78
  languageName: node
  linkType: hard

"loose-envify@npm:^1.1.0":
  version: 1.4.0
  resolution: "loose-envify@npm:1.4.0"
  dependencies:
    js-tokens: ^3.0.0 || ^4.0.0
  bin:
    loose-envify: cli.js
  checksum: 6517e24e0cad87ec9888f500c5b5947032cdfe6ef65e1c1936a0c48a524b81e65542c9c3edc91c97d5bddc806ee2a985dbc79be89215d613b1de5db6d1cfe6f4
  languageName: node
  linkType: hard

"material-icons@npm:^1.10.6":
  version: 1.10.6
  resolution: "material-icons@npm:1.10.6"
  checksum: fcf8a372e603c338c242b842760ac8747b52f847e37ed939e43a40bac0754fb6b5f35c1de1eed36f9f557553e2118eb5d8cd05c1040f26abe21483b4e1b81fcf
  languageName: node
  linkType: hard

"nanoid@npm:^3.1.30":
  version: 3.2.0
  resolution: "nanoid@npm:3.2.0"
  bin:
    nanoid: bin/nanoid.cjs
  checksum: 3d1d5a69fea84e538057cf64106e713931c4ef32af344068ecff153ff91252f39b0f2b472e09b0dfff43ac3cf520c92938d90e6455121fe93976e23660f4fccc
  languageName: node
  linkType: hard

"next@npm:12.0.10":
  version: 12.0.10
  resolution: "next@npm:12.0.10"
  dependencies:
    "@next/env": 12.0.10
    "@next/swc-android-arm64": 12.0.10
    "@next/swc-darwin-arm64": 12.0.10
    "@next/swc-darwin-x64": 12.0.10
    "@next/swc-linux-arm-gnueabihf": 12.0.10
    "@next/swc-linux-arm64-gnu": 12.0.10
    "@next/swc-linux-arm64-musl": 12.0.10
    "@next/swc-linux-x64-gnu": 12.0.10
    "@next/swc-linux-x64-musl": 12.0.10
    "@next/swc-win32-arm64-msvc": 12.0.10
    "@next/swc-win32-ia32-msvc": 12.0.10
    "@next/swc-win32-x64-msvc": 12.0.10
    caniuse-lite: ^1.0.30001283
    postcss: 8.4.5
    styled-jsx: 5.0.0
    use-subscription: 1.5.1
  peerDependencies:
    fibers: ">= 3.1.0"
    node-sass: ^4.0.0 || ^5.0.0 || ^6.0.0
    react: ^17.0.2 || ^18.0.0-0
    react-dom: ^17.0.2 || ^18.0.0-0
    sass: ^1.3.0
  dependenciesMeta:
    "@next/swc-android-arm64":
      optional: true
    "@next/swc-darwin-arm64":
      optional: true
    "@next/swc-darwin-x64":
      optional: true
    "@next/swc-linux-arm-gnueabihf":
      optional: true
    "@next/swc-linux-arm64-gnu":
      optional: true
    "@next/swc-linux-arm64-musl":
      optional: true
    "@next/swc-linux-x64-gnu":
      optional: true
    "@next/swc-linux-x64-musl":
      optional: true
    "@next/swc-win32-arm64-msvc":
      optional: true
    "@next/swc-win32-ia32-msvc":
      optional: true
    "@next/swc-win32-x64-msvc":
      optional: true
  peerDependenciesMeta:
    fibers:
      optional: true
    node-sass:
      optional: true
    sass:
      optional: true
  bin:
    next: dist/bin/next
  checksum: e92ff09c1f831a5131c4ca6bd5b917bf2ed0ba6c176fe10109096bbd35b5a72e6d8015aa6dc95d635175b4f3d58b1130471c2797088292dec58b10eb38d66662
  languageName: node
  linkType: hard

"object-assign@npm:^4.1.1":
  version: 4.1.1
  resolution: "object-assign@npm:4.1.1"
  checksum: fcc6e4ea8c7fe48abfbb552578b1c53e0d194086e2e6bbbf59e0a536381a292f39943c6e9628af05b5528aa5e3318bb30d6b2e53cadaf5b8fe9e12c4b69af23f
  languageName: node
  linkType: hard

"path-to-regexp@npm:^6.2.0":
  version: 6.2.0
  resolution: "path-to-regexp@npm:6.2.0"
  checksum: a6aca74d2d6e2e7594d812f653cf85e9cb5054d3a8d80f099722a44ef6ad22639b02078e5ea83d11db16321c3e4359e3f1ab0274fa78dad0754a6e53f630b0fc
  languageName: node
  linkType: hard

"picocolors@npm:^1.0.0":
  version: 1.0.0
  resolution: "picocolors@npm:1.0.0"
  checksum: a2e8092dd86c8396bdba9f2b5481032848525b3dc295ce9b57896f931e63fc16f79805144321f72976383fc249584672a75cc18d6777c6b757603f372f745981
  languageName: node
  linkType: hard

"postcss@npm:8.4.5":
  version: 8.4.5
  resolution: "postcss@npm:8.4.5"
  dependencies:
    nanoid: ^3.1.30
    picocolors: ^1.0.0
    source-map-js: ^1.0.1
  checksum: b78abdd89c10f7b48f4bdcd376104a19d6e9c7495ab521729bdb3df315af6c211360e9f06887ad3bc0ab0f61a04b91d68ea11462997c79cced58b9ccd66fac07
  languageName: node
  linkType: hard

"react-dom@npm:17.0.2":
  version: 17.0.2
  resolution: "react-dom@npm:17.0.2"
  dependencies:
    loose-envify: ^1.1.0
    object-assign: ^4.1.1
    scheduler: ^0.20.2
  peerDependencies:
    react: 17.0.2
  checksum: 1c1eaa3bca7c7228d24b70932e3d7c99e70d1d04e13bb0843bbf321582bc25d7961d6b8a6978a58a598af2af496d1cedcfb1bf65f6b0960a0a8161cb8dab743c
  languageName: node
  linkType: hard

"react@npm:17.0.2":
  version: 17.0.2
  resolution: "react@npm:17.0.2"
  dependencies:
    loose-envify: ^1.1.0
    object-assign: ^4.1.1
  checksum: b254cc17ce3011788330f7bbf383ab653c6848902d7936a87b09d835d091e3f295f7e9dd1597c6daac5dc80f90e778c8230218ba8ad599f74adcc11e33b9d61b
  languageName: node
  linkType: hard

"scheduler@npm:^0.20.2":
  version: 0.20.2
  resolution: "scheduler@npm:0.20.2"
  dependencies:
    loose-envify: ^1.1.0
    object-assign: ^4.1.1
  checksum: c4b35cf967c8f0d3e65753252d0f260271f81a81e427241295c5a7b783abf4ea9e905f22f815ab66676f5313be0a25f47be582254db8f9241b259213e999b8fc
  languageName: node
  linkType: hard

"skeleton-elements@npm:^3.5.0":
  version: 3.5.0
  resolution: "skeleton-elements@npm:3.5.0"
  checksum: 760b0b1cb73af7847815e48d086e9d39576dd3f66936f519b90dc7f79876b9043537776894466fd76a9360c2a5cb96024aaa33fbec5f01eaf8ed8f4dd9e87dc6
  languageName: node
  linkType: hard

"source-map-js@npm:^1.0.1":
  version: 1.0.2
  resolution: "source-map-js@npm:1.0.2"
  checksum: c049a7fc4deb9a7e9b481ae3d424cc793cb4845daa690bc5a05d428bf41bf231ced49b4cf0c9e77f9d42fdb3d20d6187619fc586605f5eabe995a316da8d377c
  languageName: node
  linkType: hard

"ssr-window@npm:^3.0.0, ssr-window@npm:^3.0.0-alpha.1":
  version: 3.0.0
  resolution: "ssr-window@npm:3.0.0"
  checksum: e619db7437874c89d2f4cea94ca8cbdfb4eed9f20d86fa193c29a17829c26d7ceefae344ac1699cc24ebb8d397fd0937a1043b5177a140c2504c9fda58bb5652
  languageName: node
  linkType: hard

"styled-jsx@npm:5.0.0":
  version: 5.0.0
  resolution: "styled-jsx@npm:5.0.0"
  peerDependencies:
    react: ">= 16.8.0 || 17.x.x || 18.x.x"
  peerDependenciesMeta:
    "@babel/core":
      optional: true
    babel-plugin-macros:
      optional: true
  checksum: 4958238ac8b8e90ac7d906aca3821e3ffb0c70c34c78b87d27f0f11c830c8237c8f4c0e7952dc51373d6fa097b16a023dcc7c9ededd402d8483b5ed2d8cefda9
  languageName: node
  linkType: hard

"swiper@npm:^6.8.4":
  version: 6.8.4
  resolution: "swiper@npm:6.8.4"
  dependencies:
    dom7: ^3.0.0
    ssr-window: ^3.0.0
  checksum: 613239e71135b48378453a74abed9a33d56f147e704e3803f5ea960dbf9833a93e557ef0b75e7c2849328eb1b48fafab54f7ac5b88e8c3727283536c7740b13f
  languageName: node
  linkType: hard

"use-subscription@npm:1.5.1":
  version: 1.5.1
  resolution: "use-subscription@npm:1.5.1"
  dependencies:
    object-assign: ^4.1.1
  peerDependencies:
    react: ^16.8.0 || ^17.0.0
  checksum: 96e64977a573244fd11350a3141b2cf57fb72dd9dd902f387c8a0a565d0a948bc81588bd7378c6ef6defc0d1119f37f73aac4a7a287c8443abd444bd4e7bbea8
  languageName: node
  linkType: hard
